// !$*UTF8*$!
{
	archiveVersion = 1;
	classes = {
	};
	objectVersion = 46;
	objects = {

/* Begin PBXBuildFile section */
		2033FEB81E095E0900B247C4 /* Utilities.swift in Sources */ = {isa = PBXBuildFile; fileRef = 2033FEB71E095E0900B247C4 /* Utilities.swift */; };
		205011E41DDE3E9F000C6902 /* StartViewController.swift in Sources */ = {isa = PBXBuildFile; fileRef = 205011E31DDE3E9F000C6902 /* StartViewController.swift */; };
		207B566F1E02E6A5001FF349 /* Assets.xcassets in Resources */ = {isa = PBXBuildFile; fileRef = 207B566E1E02E6A5001FF349 /* Assets.xcassets */; };
		208613E51DDDE28B00133740 /* AppDelegate.swift in Sources */ = {isa = PBXBuildFile; fileRef = 208613E41DDDE28B00133740 /* AppDelegate.swift */; };
		208613E71DDDE28B00133740 /* ClicksViewController.swift in Sources */ = {isa = PBXBuildFile; fileRef = 208613E61DDDE28B00133740 /* ClicksViewController.swift */; };
		208613EA1DDDE28B00133740 /* Main.storyboard in Resources */ = {isa = PBXBuildFile; fileRef = 208613E81DDDE28B00133740 /* Main.storyboard */; };
		208613EF1DDDE28B00133740 /* LaunchScreen.storyboard in Resources */ = {isa = PBXBuildFile; fileRef = 208613ED1DDDE28B00133740 /* LaunchScreen.storyboard */; };
		20D61B971E043DE300E7C619 /* StatsViewController.swift in Sources */ = {isa = PBXBuildFile; fileRef = 20D61B961E043DE300E7C619 /* StatsViewController.swift */; };
		20E731ED1E098B4000DC5ED1 /* GameKit.framework in Frameworks */ = {isa = PBXBuildFile; fileRef = 20E731EC1E098B4000DC5ED1 /* GameKit.framework */; };
		20E731F01E098B4E00DC5ED1 /* CloudKit.framework in Frameworks */ = {isa = PBXBuildFile; fileRef = 20E731EF1E098B4E00DC5ED1 /* CloudKit.framework */; };
/* End PBXBuildFile section */

/* Begin PBXFileReference section */
		2033FEB71E095E0900B247C4 /* Utilities.swift */ = {isa = PBXFileReference; fileEncoding = 4; lastKnownFileType = sourcecode.swift; path = Utilities.swift; sourceTree = "<group>"; };
		205011E31DDE3E9F000C6902 /* StartViewController.swift */ = {isa = PBXFileReference; fileEncoding = 4; lastKnownFileType = sourcecode.swift; path = StartViewController.swift; sourceTree = "<group>"; };
		207B566E1E02E6A5001FF349 /* Assets.xcassets */ = {isa = PBXFileReference; lastKnownFileType = folder.assetcatalog; path = Assets.xcassets; sourceTree = "<group>"; };
		208613E11DDDE28B00133740 /* clicksToHitler.app */ = {isa = PBXFileReference; explicitFileType = wrapper.application; includeInIndex = 0; path = clicksToHitler.app; sourceTree = BUILT_PRODUCTS_DIR; };
		208613E41DDDE28B00133740 /* AppDelegate.swift */ = {isa = PBXFileReference; lastKnownFileType = sourcecode.swift; path = AppDelegate.swift; sourceTree = "<group>"; };
		208613E61DDDE28B00133740 /* ClicksViewController.swift */ = {isa = PBXFileReference; lastKnownFileType = sourcecode.swift; path = ClicksViewController.swift; sourceTree = "<group>"; };
		208613E91DDDE28B00133740 /* Base */ = {isa = PBXFileReference; lastKnownFileType = file.storyboard; name = Base; path = Base.lproj/Main.storyboard; sourceTree = "<group>"; };
		208613EE1DDDE28B00133740 /* Base */ = {isa = PBXFileReference; lastKnownFileType = file.storyboard; name = Base; path = Base.lproj/LaunchScreen.storyboard; sourceTree = "<group>"; };
		208613F01DDDE28B00133740 /* Info.plist */ = {isa = PBXFileReference; lastKnownFileType = text.plist.xml; path = Info.plist; sourceTree = "<group>"; };
		20D61B961E043DE300E7C619 /* StatsViewController.swift */ = {isa = PBXFileReference; fileEncoding = 4; lastKnownFileType = sourcecode.swift; path = StatsViewController.swift; sourceTree = "<group>"; };
		20E731EC1E098B4000DC5ED1 /* GameKit.framework */ = {isa = PBXFileReference; lastKnownFileType = wrapper.framework; name = GameKit.framework; path = System/Library/Frameworks/GameKit.framework; sourceTree = SDKROOT; };
		20E731EE1E098B4700DC5ED1 /* clicksToHitler.entitlements */ = {isa = PBXFileReference; lastKnownFileType = text.plist.entitlements; path = clicksToHitler.entitlements; sourceTree = "<group>"; };
		20E731EF1E098B4E00DC5ED1 /* CloudKit.framework */ = {isa = PBXFileReference; lastKnownFileType = wrapper.framework; name = CloudKit.framework; path = System/Library/Frameworks/CloudKit.framework; sourceTree = SDKROOT; };
/* End PBXFileReference section */

/* Begin PBXFrameworksBuildPhase section */
		208613DE1DDDE28B00133740 /* Frameworks */ = {
			isa = PBXFrameworksBuildPhase;
			buildActionMask = 2147483647;
			files = (
				20E731ED1E098B4000DC5ED1 /* GameKit.framework in Frameworks */,
				20E731F01E098B4E00DC5ED1 /* CloudKit.framework in Frameworks */,
			);
			runOnlyForDeploymentPostprocessing = 0;
		};
/* End PBXFrameworksBuildPhase section */

/* Begin PBXGroup section */
		208613D81DDDE28B00133740 = {
			isa = PBXGroup;
			children = (
				208613E31DDDE28B00133740 /* clicksToHitler */,
				208613E21DDDE28B00133740 /* Products */,
				20E731EB1E098B4000DC5ED1 /* Frameworks */,
			);
			sourceTree = "<group>";
		};
		208613E21DDDE28B00133740 /* Products */ = {
			isa = PBXGroup;
			children = (
				208613E11DDDE28B00133740 /* clicksToHitler.app */,
			);
			name = Products;
			sourceTree = "<group>";
		};
		208613E31DDDE28B00133740 /* clicksToHitler */ = {
			isa = PBXGroup;
			children = (
				20E731EE1E098B4700DC5ED1 /* clicksToHitler.entitlements */,
				208613E41DDDE28B00133740 /* AppDelegate.swift */,
				205011E31DDE3E9F000C6902 /* StartViewController.swift */,
				208613E61DDDE28B00133740 /* ClicksViewController.swift */,
				20D61B961E043DE300E7C619 /* StatsViewController.swift */,
				207B566E1E02E6A5001FF349 /* Assets.xcassets */,
				208613E81DDDE28B00133740 /* Main.storyboard */,
				208613ED1DDDE28B00133740 /* LaunchScreen.storyboard */,
				208613F01DDDE28B00133740 /* Info.plist */,
				2033FEB71E095E0900B247C4 /* Utilities.swift */,
			);
			path = clicksToHitler;
			sourceTree = "<group>";
		};
		20E731EB1E098B4000DC5ED1 /* Frameworks */ = {
			isa = PBXGroup;
			children = (
				20E731EF1E098B4E00DC5ED1 /* CloudKit.framework */,
				20E731EC1E098B4000DC5ED1 /* GameKit.framework */,
			);
			name = Frameworks;
			sourceTree = "<group>";
		};
/* End PBXGroup section */

/* Begin PBXNativeTarget section */
		208613E01DDDE28B00133740 /* clicksToHitler */ = {
			isa = PBXNativeTarget;
			buildConfigurationList = 208613F31DDDE28B00133740 /* Build configuration list for PBXNativeTarget "clicksToHitler" */;
			buildPhases = (
				208613DD1DDDE28B00133740 /* Sources */,
				208613DE1DDDE28B00133740 /* Frameworks */,
				208613DF1DDDE28B00133740 /* Resources */,
			);
			buildRules = (
			);
			dependencies = (
			);
			name = clicksToHitler;
			productName = clicksToHitler;
			productReference = 208613E11DDDE28B00133740 /* clicksToHitler.app */;
			productType = "com.apple.product-type.application";
		};
/* End PBXNativeTarget section */

/* Begin PBXProject section */
		208613D91DDDE28B00133740 /* Project object */ = {
			isa = PBXProject;
			attributes = {
				LastSwiftUpdateCheck = 0810;
				LastUpgradeCheck = 0810;
				ORGANIZATIONNAME = "ENOS Pr.";
				TargetAttributes = {
					208613E01DDDE28B00133740 = {
						CreatedOnToolsVersion = 8.1;
						DevelopmentTeam = 59T9958NQV;
						ProvisioningStyle = Automatic;
						SystemCapabilities = {
							com.apple.GameCenter = {
								enabled = 1;
							};
							com.apple.Push = {
								enabled = 0;
							};
							com.apple.iCloud = {
								enabled = 1;
							};
						};
					};
				};
			};
			buildConfigurationList = 208613DC1DDDE28B00133740 /* Build configuration list for PBXProject "clicksToHitler" */;
			compatibilityVersion = "Xcode 3.2";
			developmentRegion = English;
			hasScannedForEncodings = 0;
			knownRegions = (
				en,
				Base,
			);
			mainGroup = 208613D81DDDE28B00133740;
			productRefGroup = 208613E21DDDE28B00133740 /* Products */;
			projectDirPath = "";
			projectRoot = "";
			targets = (
				208613E01DDDE28B00133740 /* clicksToHitler */,
			);
		};
/* End PBXProject section */

/* Begin PBXResourcesBuildPhase section */
		208613DF1DDDE28B00133740 /* Resources */ = {
			isa = PBXResourcesBuildPhase;
			buildActionMask = 2147483647;
			files = (
				208613EF1DDDE28B00133740 /* LaunchScreen.storyboard in Resources */,
				207B566F1E02E6A5001FF349 /* Assets.xcassets in Resources */,
				208613EA1DDDE28B00133740 /* Main.storyboard in Resources */,
			);
			runOnlyForDeploymentPostprocessing = 0;
		};
/* End PBXResourcesBuildPhase section */

/* Begin PBXSourcesBuildPhase section */
		208613DD1DDDE28B00133740 /* Sources */ = {
			isa = PBXSourcesBuildPhase;
			buildActionMask = 2147483647;
			files = (
				208613E71DDDE28B00133740 /* ClicksViewController.swift in Sources */,
				208613E51DDDE28B00133740 /* AppDelegate.swift in Sources */,
				20D61B971E043DE300E7C619 /* StatsViewController.swift in Sources */,
				2033FEB81E095E0900B247C4 /* Utilities.swift in Sources */,
				205011E41DDE3E9F000C6902 /* StartViewController.swift in Sources */,
			);
			runOnlyForDeploymentPostprocessing = 0;
		};
/* End PBXSourcesBuildPhase section */

/* Begin PBXVariantGroup section */
		208613E81DDDE28B00133740 /* Main.storyboard */ = {
			isa = PBXVariantGroup;
			children = (
				208613E91DDDE28B00133740 /* Base */,
			);
			name = Main.storyboard;
			sourceTree = "<group>";
		};
		208613ED1DDDE28B00133740 /* LaunchScreen.storyboard */ = {
			isa = PBXVariantGroup;
			children = (
				208613EE1DDDE28B00133740 /* Base */,
			);
			name = LaunchScreen.storyboard;
			sourceTree = "<group>";
		};
/* End PBXVariantGroup section */

/* Begin XCBuildConfiguration section */
		208613F11DDDE28B00133740 /* Debug */ = {
			isa = XCBuildConfiguration;
			buildSettings = {
				ALWAYS_SEARCH_USER_PATHS = NO;
				CLANG_ANALYZER_NONNULL = YES;
				CLANG_CXX_LANGUAGE_STANDARD = "gnu++0x";
				CLANG_CXX_LIBRARY = "libc++";
				CLANG_ENABLE_MODULES = YES;
				CLANG_ENABLE_OBJC_ARC = YES;
				CLANG_WARN_BOOL_CONVERSION = YES;
				CLANG_WARN_CONSTANT_CONVERSION = YES;
				CLANG_WARN_DIRECT_OBJC_ISA_USAGE = YES_ERROR;
				CLANG_WARN_DOCUMENTATION_COMMENTS = YES;
				CLANG_WARN_EMPTY_BODY = YES;
				CLANG_WARN_ENUM_CONVERSION = YES;
				CLANG_WARN_INFINITE_RECURSION = YES;
				CLANG_WARN_INT_CONVERSION = YES;
				CLANG_WARN_OBJC_ROOT_CLASS = YES_ERROR;
				CLANG_WARN_SUSPICIOUS_MOVES = YES;
				CLANG_WARN_UNREACHABLE_CODE = YES;
				CLANG_WARN__DUPLICATE_METHOD_MATCH = YES;
				"CODE_SIGN_IDENTITY[sdk=iphoneos*]" = "iPhone Developer";
				COPY_PHASE_STRIP = NO;
				DEBUG_INFORMATION_FORMAT = dwarf;
				ENABLE_STRICT_OBJC_MSGSEND = YES;
				ENABLE_TESTABILITY = YES;
				GCC_C_LANGUAGE_STANDARD = gnu99;
				GCC_DYNAMIC_NO_PIC = NO;
				GCC_NO_COMMON_BLOCKS = YES;
				GCC_OPTIMIZATION_LEVEL = 0;
				GCC_PREPROCESSOR_DEFINITIONS = (
					"DEBUG=1",
					"$(inherited)",
				);
				GCC_WARN_64_TO_32_BIT_CONVERSION = YES;
				GCC_WARN_ABOUT_RETURN_TYPE = YES_ERROR;
				GCC_WARN_UNDECLARED_SELECTOR = YES;
				GCC_WARN_UNINITIALIZED_AUTOS = YES_AGGRESSIVE;
				GCC_WARN_UNUSED_FUNCTION = YES;
				GCC_WARN_UNUSED_VARIABLE = YES;
				IPHONEOS_DEPLOYMENT_TARGET = 10.1;
				MTL_ENABLE_DEBUG_INFO = YES;
				ONLY_ACTIVE_ARCH = YES;
				SDKROOT = iphoneos;
				SWIFT_ACTIVE_COMPILATION_CONDITIONS = DEBUG;
				SWIFT_OPTIMIZATION_LEVEL = "-Onone";
				TARGETED_DEVICE_FAMILY = "1,2";
			};
			name = Debug;
		};
		208613F21DDDE28B00133740 /* Release */ = {
			isa = XCBuildConfiguration;
			buildSettings = {
				ALWAYS_SEARCH_USER_PATHS = NO;
				CLANG_ANALYZER_NONNULL = YES;
				CLANG_CXX_LANGUAGE_STANDARD = "gnu++0x";
				CLANG_CXX_LIBRARY = "libc++";
				CLANG_ENABLE_MODULES = YES;
				CLANG_ENABLE_OBJC_ARC = YES;
				CLANG_WARN_BOOL_CONVERSION = YES;
				CLANG_WARN_CONSTANT_CONVERSION = YES;
				CLANG_WARN_DIRECT_OBJC_ISA_USAGE = YES_ERROR;
				CLANG_WARN_DOCUMENTATION_COMMENTS = YES;
				CLANG_WARN_EMPTY_BODY = YES;
				CLANG_WARN_ENUM_CONVERSION = YES;
				CLANG_WARN_INFINITE_RECURSION = YES;
				CLANG_WARN_INT_CONVERSION = YES;
				CLANG_WARN_OBJC_ROOT_CLASS = YES_ERROR;
				CLANG_WARN_SUSPICIOUS_MOVES = YES;
				CLANG_WARN_UNREACHABLE_CODE = YES;
				CLANG_WARN__DUPLICATE_METHOD_MATCH = YES;
				"CODE_SIGN_IDENTITY[sdk=iphoneos*]" = "iPhone Developer";
				COPY_PHASE_STRIP = NO;
				DEBUG_INFORMATION_FORMAT = "dwarf-with-dsym";
				ENABLE_NS_ASSERTIONS = NO;
				ENABLE_STRICT_OBJC_MSGSEND = YES;
				GCC_C_LANGUAGE_STANDARD = gnu99;
				GCC_NO_COMMON_BLOCKS = YES;
				GCC_WARN_64_TO_32_BIT_CONVERSION = YES;
				GCC_WARN_ABOUT_RETURN_TYPE = YES_ERROR;
				GCC_WARN_UNDECLARED_SELECTOR = YES;
				GCC_WARN_UNINITIALIZED_AUTOS = YES_AGGRESSIVE;
				GCC_WARN_UNUSED_FUNCTION = YES;
				GCC_WARN_UNUSED_VARIABLE = YES;
				IPHONEOS_DEPLOYMENT_TARGET = 10.1;
				MTL_ENABLE_DEBUG_INFO = NO;
				SDKROOT = iphoneos;
				SWIFT_OPTIMIZATION_LEVEL = "-Owholemodule";
				TARGETED_DEVICE_FAMILY = "1,2";
				VALIDATE_PRODUCT = YES;
			};
			name = Release;
		};
		208613F41DDDE28B00133740 /* Debug */ = {
			isa = XCBuildConfiguration;
			buildSettings = {
				ASSETCATALOG_COMPILER_APPICON_NAME = AppIcon;
				CODE_SIGN_ENTITLEMENTS = clicksToHitler/clicksToHitler.entitlements;
				DEVELOPMENT_TEAM = 59T9958NQV;
				INFOPLIST_FILE = clicksToHitler/Info.plist;
				IPHONEOS_DEPLOYMENT_TARGET = 9.0;
				LD_RUNPATH_SEARCH_PATHS = "$(inherited) @executable_path/Frameworks";
				PRODUCT_BUNDLE_IDENTIFIER = com.sone.clicksToHitler;
				PRODUCT_NAME = "$(TARGET_NAME)";
				SWIFT_VERSION = 3.0;
			};
			name = Debug;
		};
		208613F51DDDE28B00133740 /* Release */ = {
			isa = XCBuildConfiguration;
			buildSettings = {
				ASSETCATALOG_COMPILER_APPICON_NAME = AppIcon;
				CODE_SIGN_ENTITLEMENTS = clicksToHitler/clicksToHitler.entitlements;
				DEVELOPMENT_TEAM = 59T9958NQV;
				INFOPLIST_FILE = clicksToHitler/Info.plist;
				IPHONEOS_DEPLOYMENT_TARGET = 9.0;
				LD_RUNPATH_SEARCH_PATHS = "$(inherited) @executable_path/Frameworks";
				PRODUCT_BUNDLE_IDENTIFIER = com.sone.clicksToHitler;
				PRODUCT_NAME = "$(TARGET_NAME)";
				SWIFT_VERSION = 3.0;
			};
			name = Release;
		};
/* End XCBuildConfiguration section */

/* Begin XCConfigurationList section */
		208613DC1DDDE28B00133740 /* Build configuration list for PBXProject "clicksToHitler" */ = {
			isa = XCConfigurationList;
			buildConfigurations = (
				208613F11DDDE28B00133740 /* Debug */,
				208613F21DDDE28B00133740 /* Release */,
			);
			defaultConfigurationIsVisible = 0;
			defaultConfigurationName = Release;
		};
		208613F31DDDE28B00133740 /* Build configuration list for PBXNativeTarget "clicksToHitler" */ = {
			isa = XCConfigurationList;
			buildConfigurations = (
				208613F41DDDE28B00133740 /* Debug */,
				208613F51DDDE28B00133740 /* Release */,
			);
			defaultConfigurationIsVisible = 0;
			defaultConfigurationName = Release;
		};
/* End XCConfigurationList section */
	};
	rootObject = 208613D91DDDE28B00133740 /* Project object */;
}
